
Microsoft Visual Studio Solution File, Format Version 12.00
# Visual Studio Version 16
VisualStudioVersion = 16.0.29025.244
MinimumVisualStudioVersion = 10.0.40219.1
Project("{FAE04EC0-301F-11D3-BF4B-00C04F79EFBC}") = "BillingSample", "BillingSample.csproj", "{79137593-E8C4-4943-883A-B65AE386D957}"
EndProject
Project("{FAE04EC0-301F-11D3-BF4B-00C04F79EFBC}") = "BillingSample.Test", "..\BillingSample.Test\BillingSample.Test.csproj", "{F105D48D-695C-4CD8-A8A0-B85172104EF7}"
EndProject
Global
	GlobalSection(SolutionConfigurationPlatforms) = preSolution
		Debug|Any CPU = Debug|Any CPU
		Release|Any CPU = Release|Any CPU
	EndGlobalSection
	GlobalSection(ProjectConfigurationPlatforms) = postSolution
		{79137593-E8C4-4943-883A-B65AE386D957}.Debug|Any CPU.ActiveCfg = Debug|Any CPU
		{79137593-E8C4-4943-883A-B65AE386D957}.Debug|Any CPU.Build.0 = Debug|Any CPU
		{79137593-E8C4-4943-883A-B65AE386D957}.Release|Any CPU.ActiveCfg = Release|Any CPU
		{79137593-E8C4-4943-883A-B65AE386D957}.Release|Any CPU.Build.0 = Release|Any CPU
		{F105D48D-695C-4CD8-A8A0-B85172104EF7}.Debug|Any CPU.ActiveCfg = Debug|Any CPU
		{F105D48D-695C-4CD8-A8A0-B85172104EF7}.Debug|Any CPU.Build.0 = Debug|Any CPU
		{F105D48D-695C-4CD8-A8A0-B85172104EF7}.Release|Any CPU.ActiveCfg = Release|Any CPU
		{F105D48D-695C-4CD8-A8A0-B85172104EF7}.Release|Any CPU.Build.0 = Release|Any CPU
	EndGlobalSection
	GlobalSection(SolutionProperties) = preSolution
		HideSolutionNode = FALSE
	EndGlobalSection
	GlobalSection(ExtensibilityGlobals) = postSolution
		SolutionGuid = {51B5B9DA-32EA-47F1-84AF-04A9C90E2C1D}
	EndGlobalSection
EndGlobal
